# THIS IS AN AUTOGENERATED FILE. DO NOT EDIT THIS FILE DIRECTLY.
# yarn lockfile v1


"@fortawesome/fontawesome-common-types@6.7.2":
  version "6.7.2"

"@fortawesome/fontawesome-common-types@7.0.0":
  version "7.0.0"

"@fortawesome/fontawesome-svg-core@^6.7.2", "@fortawesome/fontawesome-svg-core@~6 || ~7":
  version "6.7.2"
  dependencies:
    "@fortawesome/fontawesome-common-types" "6.7.2"

"@fortawesome/free-solid-svg-icons@^7.0.0":
  version "7.0.0"
  dependencies:
    "@fortawesome/fontawesome-common-types" "7.0.0"

"@fortawesome/react-fontawesome@^3.1.1":
  version "3.1.1"

"@img/colour@^1.0.0":
  version "1.0.0"

"@img/sharp-win32-x64@0.34.5":
  version "0.34.5"

"@next/env@16.2.1":
  version "16.2.1"
  resolved "https://registry.npmjs.org/@next/env/-/env-16.2.1.tgz"
  integrity sha512-n8P/HCkIWW+gVal2Z8XqXJ6aB3J0tuM29OcHpCsobWlChH/SITBs1DFBk/HajgrwDkqqBXPbuUuzgDvUekREPg==

"@next/swc-darwin-arm64@16.2.1":
  version "16.2.1"
  resolved "https://registry.npmjs.org/@next/swc-darwin-arm64/-/swc-darwin-arm64-16.2.1.tgz"
  integrity sha512-BwZ8w8YTaSEr2HIuXLMLxIdElNMPvY9fLqb20LX9A9OMGtJilhHLbCL3ggyd0TwjmMcTxi0XXt+ur1vWUoxj2Q==

"@next/swc-darwin-x64@16.2.1":
  version "16.2.1"
  resolved "https://registry.npmjs.org/@next/swc-darwin-x64/-/swc-darwin-x64-16.2.1.tgz"
  integrity sha512-/vrcE6iQSJq3uL3VGVHiXeaKbn8Es10DGTGRJnRZlkNQQk3kaNtAJg8Y6xuAlrx/6INKVjkfi5rY0iEXorZ6uA==

"@next/swc-linux-arm64-gnu@16.2.1":
  version "16.2.1"
  resolved "https://registry.npmjs.org/@next/swc-linux-arm64-gnu/-/swc-linux-arm64-gnu-16.2.1.tgz"
  integrity sha512-uLn+0BK+C31LTVbQ/QU+UaVrV0rRSJQ8RfniQAHPghDdgE+SlroYqcmFnO5iNjNfVWCyKZHYrs3Nl0mUzWxbBw==

"@next/swc-linux-arm64-musl@16.2.1":
  version "16.2.1"
  resolved "https://registry.npmjs.org/@next/swc-linux-arm64-musl/-/swc-linux-arm64-musl-16.2.1.tgz"
  integrity sha512-ssKq6iMRnHdnycGp9hCuGnXJZ0YPr4/wNwrfE5DbmvEcgl9+yv97/Kq3TPVDfYome1SW5geciLB9aiEqKXQjlQ==

"@next/swc-linux-x64-gnu@16.2.1":
  version "16.2.1"
  resolved "https://registry.npmjs.org/@next/swc-linux-x64-gnu/-/swc-linux-x64-gnu-16.2.1.tgz"
  integrity sha512-HQm7SrHRELJ30T1TSmT706IWovFFSRGxfgUkyWJZF/RKBMdbdRWJuFrcpDdE5vy9UXjFOx6L3mRdqH04Mmx0hg==

"@next/swc-linux-x64-musl@16.2.1":
  version "16.2.1"
  resolved "https://registry.npmjs.org/@next/swc-linux-x64-musl/-/swc-linux-x64-musl-16.2.1.tgz"
  integrity sha512-aV2iUaC/5HGEpbBkE+4B8aHIudoOy5DYekAKOMSHoIYQ66y/wIVeaRx8MS2ZMdxe/HIXlMho4ubdZs/J8441Tg==

"@next/swc-win32-arm64-msvc@16.2.1":
  version "16.2.1"
  resolved "https://registry.npmjs.org/@next/swc-win32-arm64-msvc/-/swc-win32-arm64-msvc-16.2.1.tgz"
  integrity sha512-IXdNgiDHaSk0ZUJ+xp0OQTdTgnpx1RCfRTalhn3cjOP+IddTMINwA7DXZrwTmGDO8SUr5q2hdP/du4DcrB1GxA==

"@next/swc-win32-x64-msvc@16.2.1":
  version "16.2.1"
  resolved "https://registry.npmjs.org/@next/swc-win32-x64-msvc/-/swc-win32-x64-msvc-16.2.1.tgz"
  integrity sha512-qvU+3a39Hay+ieIztkGSbF7+mccbbg1Tk25hc4JDylf8IHjYmY/Zm64Qq1602yPyQqvie+vf5T/uPwNxDNIoeg==

"@notionhq/client@^4.0.1":
  version "4.0.1"

"@swc/helpers@0.5.15":
  version "0.5.15"
  dependencies:
    tslib "^2.8.0"

"@types/debug@^4.0.0":
  version "4.1.12"
  dependencies:
    "@types/ms" "*"

"@types/estree-jsx@^1.0.0":
  version "1.0.5"
  dependencies:
    "@types/estree" "*"

"@types/estree@*", "@types/estree@^1.0.0":
  version "1.0.8"

"@types/hast@^3.0.0":
  version "3.0.4"
  dependencies:
    "@types/unist" "*"

"@types/mdast@^4.0.0":
  version "4.0.4"
  dependencies:
    "@types/unist" "*"

"@types/ms@*":
  version "2.1.0"

"@types/node@^24.1.0":
  version "24.1.0"
  dependencies:
    undici-types "~7.8.0"

"@types/react@^19.1.8", "@types/react@>=18":
  version "19.1.8"
  dependencies:
    csstype "^3.0.2"

"@types/unist@*", "@types/unist@^3.0.0":
  version "3.0.3"

"@types/unist@^2.0.0":
  version "2.0.11"
  resolved "https://registry.npmjs.org/@types/unist/-/unist-2.0.11.tgz"
  integrity sha512-CmBKiL6NNo/OqgmMn95Fk9Whlp2mtvIv+KNpQKN2F4SjvrEesubTRWGYSg+BnWZOnlCaSTU1sMpsBOzgbYhnsA==

"@ungap/structured-clone@^1.0.0":
  version "1.3.0"

bail@^2.0.0:
  version "2.0.2"

baseline-browser-mapping@^2.9.19:
  version "2.10.10"
  resolved "https://registry.npmjs.org/baseline-browser-mapping/-/baseline-browser-mapping-2.10.10.tgz"
  integrity sha512-sUoJ3IMxx4AyRqO4MLeHlnGDkyXRoUG0/AI9fjK+vS72ekpV0yWVY7O0BVjmBcRtkNcsAO2QDZ4tdKKGoI6YaQ==

caniuse-lite@^1.0.30001579:
  version "1.0.30001727"

ccount@^2.0.0:
  version "2.0.1"

character-entities-html4@^2.0.0:
  version "2.1.0"

character-entities-legacy@^3.0.0:
  version "3.0.0"

character-entities@^2.0.0:
  version "2.0.2"

character-reference-invalid@^2.0.0:
  version "2.0.1"

client-only@0.0.1:
  version "0.0.1"

comma-separated-tokens@^2.0.0:
  version "2.0.3"

csstype@^3.0.2:
  version "3.1.3"

dayjs@^1.11.13:
  version "1.11.13"

debug@^4.0.0:
  version "4.4.1"
  dependencies:
    ms "^2.1.3"

decode-named-character-reference@^1.0.0:
  version "1.2.0"
  dependencies:
    character-entities "^2.0.0"

dequal@^2.0.0:
  version "2.0.3"

detect-libc@^2.1.2:
  version "2.1.2"

devlop@^1.0.0, devlop@^1.1.0:
  version "1.1.0"
  dependencies:
    dequal "^2.0.0"

escape-string-regexp@^5.0.0:
  version "5.0.0"
  resolved "https://registry.npmjs.org/escape-string-regexp/-/escape-string-regexp-5.0.0.tgz"
  integrity sha512-/veY75JbMK4j1yjvuUxuVsiS/hr/4iHs9FTT6cgTexxdE0Ly/glccBAkloH/DofkjRbZU3bnoj38mOmhkZ0lHw==

estree-util-is-identifier-name@^3.0.0:
  version "3.0.0"

extend@^3.0.0:
  version "3.0.2"

hast-util-to-jsx-runtime@^2.0.0:
  version "2.3.6"
  dependencies:
    "@types/estree" "^1.0.0"
    "@types/hast" "^3.0.0"
    "@types/unist" "^3.0.0"
    comma-separated-tokens "^2.0.0"
    devlop "^1.0.0"
    estree-util-is-identifier-name "^3.0.0"
    hast-util-whitespace "^3.0.0"
    mdast-util-mdx-expression "^2.0.0"
    mdast-util-mdx-jsx "^3.0.0"
    mdast-util-mdxjs-esm "^2.0.0"
    property-information "^7.0.0"
    space-separated-tokens "^2.0.0"
    style-to-js "^1.0.0"
    unist-util-position "^5.0.0"
    vfile-message "^4.0.0"

hast-util-whitespace@^3.0.0:
  version "3.0.0"
  dependencies:
    "@types/hast" "^3.0.0"

html-url-attributes@^3.0.0:
  version "3.0.1"

inline-style-parser@0.2.4:
  version "0.2.4"

is-alphabetical@^2.0.0:
  version "2.0.1"

is-alphanumerical@^2.0.0:
  version "2.0.1"
  dependencies:
    is-alphabetical "^2.0.0"
    is-decimal "^2.0.0"

is-decimal@^2.0.0:
  version "2.0.1"

is-hexadecimal@^2.0.0:
  version "2.0.1"

is-plain-obj@^4.0.0:
  version "4.1.0"

longest-streak@^3.0.0:
  version "3.1.0"

markdown-table@^3.0.0:
  version "3.0.4"
  resolved "https://registry.npmjs.org/markdown-table/-/markdown-table-3.0.4.tgz"
  integrity sha512-wiYz4+JrLyb/DqW2hkFJxP7Vd7JuTDm77fvbM8VfEQdmSMqcImWeeRbHwZjBjIFki/VaMK2BhFi7oUUZeM5bqw==

marked@^17.0.5:
  version "17.0.5"
  resolved "https://registry.npmjs.org/marked/-/marked-17.0.5.tgz"
  integrity sha512-6hLvc0/JEbRjRgzI6wnT2P1XuM1/RrrDEX0kPt0N7jGm1133g6X7DlxFasUIx+72aKAr904GTxhSLDrd5DIlZg==

mdast-util-find-and-replace@^3.0.0:
  version "3.0.2"
  resolved "https://registry.npmjs.org/mdast-util-find-and-replace/-/mdast-util-find-and-replace-3.0.2.tgz"
  integrity sha512-Tmd1Vg/m3Xz43afeNxDIhWRtFZgM2VLyaf4vSTYwudTyeuTneoL3qtWMA5jeLyz/O1vDJmmV4QuScFCA2tBPwg==
  dependencies:
    "@types/mdast" "^4.0.0"
    escape-string-regexp "^5.0.0"
    unist-util-is "^6.0.0"
    unist-util-visit-parents "^6.0.0"

mdast-util-from-markdown@^2.0.0:
  version "2.0.2"
  dependencies:
    "@types/mdast" "^4.0.0"
    "@types/unist" "^3.0.0"
    decode-named-character-reference "^1.0.0"
    devlop "^1.0.0"
    mdast-util-to-string "^4.0.0"
    micromark "^4.0.0"
    micromark-util-decode-numeric-character-reference "^2.0.0"
    micromark-util-decode-string "^2.0.0"
    micromark-util-normalize-identifier "^2.0.0"
    micromark-util-symbol "^2.0.0"
    micromark-util-types "^2.0.0"
    unist-util-stringify-position "^4.0.0"

mdast-util-gfm-autolink-literal@^2.0.0:
  version "2.0.1"
  resolved "https://registry.npmjs.org/mdast-util-gfm-autolink-literal/-/mdast-util-gfm-autolink-literal-2.0.1.tgz"
  integrity sha512-5HVP2MKaP6L+G6YaxPNjuL0BPrq9orG3TsrZ9YXbA3vDw/ACI4MEsnoDpn6ZNm7GnZgtAcONJyPhOP8tNJQavQ==
  dependencies:
    "@types/mdast" "^4.0.0"
    ccount "^2.0.0"
    devlop "^1.0.0"
    mdast-util-find-and-replace "^3.0.0"
    micromark-util-character "^2.0.0"

mdast-util-gfm-footnote@^2.0.0:
  version "2.1.0"
  resolved "https://registry.npmjs.org/mdast-util-gfm-footnote/-/mdast-util-gfm-footnote-2.1.0.tgz"
  integrity sha512-sqpDWlsHn7Ac9GNZQMeUzPQSMzR6Wv0WKRNvQRg0KqHh02fpTz69Qc1QSseNX29bhz1ROIyNyxExfawVKTm1GQ==
  dependencies:
    "@types/mdast" "^4.0.0"
    devlop "^1.1.0"
    mdast-util-from-markdown "^2.0.0"
    mdast-util-to-markdown "^2.0.0"
    micromark-util-normalize-identifier "^2.0.0"

mdast-util-gfm-strikethrough@^2.0.0:
  version "2.0.0"
  resolved "https://registry.npmjs.org/mdast-util-gfm-strikethrough/-/mdast-util-gfm-strikethrough-2.0.0.tgz"
  integrity sha512-mKKb915TF+OC5ptj5bJ7WFRPdYtuHv0yTRxK2tJvi+BDqbkiG7h7u/9SI89nRAYcmap2xHQL9D+QG/6wSrTtXg==
  dependencies:
    "@types/mdast" "^4.0.0"
    mdast-util-from-markdown "^2.0.0"
    mdast-util-to-markdown "^2.0.0"

mdast-util-gfm-table@^2.0.0:
  version "2.0.0"
  resolved "https://registry.npmjs.org/mdast-util-gfm-table/-/mdast-util-gfm-table-2.0.0.tgz"
  integrity sha512-78UEvebzz/rJIxLvE7ZtDd/vIQ0RHv+3Mh5DR96p7cS7HsBhYIICDBCu8csTNWNO6tBWfqXPWekRuj2FNOGOZg==
  dependencies:
    "@types/mdast" "^4.0.0"
    devlop "^1.0.0"
    markdown-table "^3.0.0"
    mdast-util-from-markdown "^2.0.0"
    mdast-util-to-markdown "^2.0.0"

mdast-util-gfm-task-list-item@^2.0.0:
  version "2.0.0"
  resolved "https://registry.npmjs.org/mdast-util-gfm-task-list-item/-/mdast-util-gfm-task-list-item-2.0.0.tgz"
  integrity sha512-IrtvNvjxC1o06taBAVJznEnkiHxLFTzgonUdy8hzFVeDun0uTjxxrRGVaNFqkU1wJR3RBPEfsxmU6jDWPofrTQ==
  dependencies:
    "@types/mdast" "^4.0.0"
    devlop "^1.0.0"
    mdast-util-from-markdown "^2.0.0"
    mdast-util-to-markdown "^2.0.0"

mdast-util-gfm@^3.0.0:
  version "3.1.0"
  resolved "https://registry.npmjs.org/mdast-util-gfm/-/mdast-util-gfm-3.1.0.tgz"
  integrity sha512-0ulfdQOM3ysHhCJ1p06l0b0VKlhU0wuQs3thxZQagjcjPrlFRqY215uZGHHJan9GEAXd9MbfPjFJz+qMkVR6zQ==
  dependencies:
    mdast-util-from-markdown "^2.0.0"
    mdast-util-gfm-autolink-literal "^2.0.0"
    mdast-util-gfm-footnote "^2.0.0"
    mdast-util-gfm-strikethrough "^2.0.0"
    mdast-util-gfm-table "^2.0.0"
    mdast-util-gfm-task-list-item "^2.0.0"
    mdast-util-to-markdown "^2.0.0"

mdast-util-mdx-expression@^2.0.0:
  version "2.0.1"
  dependencies:
    "@types/estree-jsx" "^1.0.0"
    "@types/hast" "^3.0.0"
    "@types/mdast" "^4.0.0"
    devlop "^1.0.0"
    mdast-util-from-markdown "^2.0.0"
    mdast-util-to-markdown "^2.0.0"

mdast-util-mdx-jsx@^3.0.0:
  version "3.2.0"
  dependencies:
    "@types/estree-jsx" "^1.0.0"
    "@types/hast" "^3.0.0"
    "@types/mdast" "^4.0.0"
    "@types/unist" "^3.0.0"
    ccount "^2.0.0"
    devlop "^1.1.0"
    mdast-util-from-markdown "^2.0.0"
    mdast-util-to-markdown "^2.0.0"
    parse-entities "^4.0.0"
    stringify-entities "^4.0.0"
    unist-util-stringify-position "^4.0.0"
    vfile-message "^4.0.0"

mdast-util-mdxjs-esm@^2.0.0:
  version "2.0.1"
  dependencies:
    "@types/estree-jsx" "^1.0.0"
    "@types/hast" "^3.0.0"
    "@types/mdast" "^4.0.0"
    devlop "^1.0.0"
    mdast-util-from-markdown "^2.0.0"
    mdast-util-to-markdown "^2.0.0"

mdast-util-phrasing@^4.0.0:
  version "4.1.0"
  dependencies:
    "@types/mdast" "^4.0.0"
    unist-util-is "^6.0.0"

mdast-util-to-hast@^13.0.0:
  version "13.2.0"
  dependencies:
    "@types/hast" "^3.0.0"
    "@types/mdast" "^4.0.0"
    "@ungap/structured-clone" "^1.0.0"
    devlop "^1.0.0"
    micromark-util-sanitize-uri "^2.0.0"
    trim-lines "^3.0.0"
    unist-util-position "^5.0.0"
    unist-util-visit "^5.0.0"
    vfile "^6.0.0"

mdast-util-to-markdown@^2.0.0:
  version "2.1.2"
  dependencies:
    "@types/mdast" "^4.0.0"
    "@types/unist" "^3.0.0"
    longest-streak "^3.0.0"
    mdast-util-phrasing "^4.0.0"
    mdast-util-to-string "^4.0.0"
    micromark-util-classify-character "^2.0.0"
    micromark-util-decode-string "^2.0.0"
    unist-util-visit "^5.0.0"
    zwitch "^2.0.0"

mdast-util-to-string@^4.0.0:
  version "4.0.0"
  dependencies:
    "@types/mdast" "^4.0.0"

micromark-core-commonmark@^2.0.0:
  version "2.0.3"
  dependencies:
    decode-named-character-reference "^1.0.0"
    devlop "^1.0.0"
    micromark-factory-destination "^2.0.0"
    micromark-factory-label "^2.0.0"
    micromark-factory-space "^2.0.0"
    micromark-factory-title "^2.0.0"
    micromark-factory-whitespace "^2.0.0"
    micromark-util-character "^2.0.0"
    micromark-util-chunked "^2.0.0"
    micromark-util-classify-character "^2.0.0"
    micromark-util-html-tag-name "^2.0.0"
    micromark-util-normalize-identifier "^2.0.0"
    micromark-util-resolve-all "^2.0.0"
    micromark-util-subtokenize "^2.0.0"
    micromark-util-symbol "^2.0.0"
    micromark-util-types "^2.0.0"

micromark-extension-gfm-autolink-literal@^2.0.0:
  version "2.1.0"
  resolved "https://registry.npmjs.org/micromark-extension-gfm-autolink-literal/-/micromark-extension-gfm-autolink-literal-2.1.0.tgz"
  integrity sha512-oOg7knzhicgQ3t4QCjCWgTmfNhvQbDDnJeVu9v81r7NltNCVmhPy1fJRX27pISafdjL+SVc4d3l48Gb6pbRypw==
  dependencies:
    micromark-util-character "^2.0.0"
    micromark-util-sanitize-uri "^2.0.0"
    micromark-util-symbol "^2.0.0"
    micromark-util-types "^2.0.0"

micromark-extension-gfm-footnote@^2.0.0:
  version "2.1.0"
  resolved "https://registry.npmjs.org/micromark-extension-gfm-footnote/-/micromark-extension-gfm-footnote-2.1.0.tgz"
  integrity sha512-/yPhxI1ntnDNsiHtzLKYnE3vf9JZ6cAisqVDauhp4CEHxlb4uoOTxOCJ+9s51bIB8U1N1FJ1RXOKTIlD5B/gqw==
  dependencies:
    devlop "^1.0.0"
    micromark-core-commonmark "^2.0.0"
    micromark-factory-space "^2.0.0"
    micromark-util-character "^2.0.0"
    micromark-util-normalize-identifier "^2.0.0"
    micromark-util-sanitize-uri "^2.0.0"
    micromark-util-symbol "^2.0.0"
    micromark-util-types "^2.0.0"

micromark-extension-gfm-strikethrough@^2.0.0:
  version "2.1.0"
  resolved "https://registry.npmjs.org/micromark-extension-gfm-strikethrough/-/micromark-extension-gfm-strikethrough-2.1.0.tgz"
  integrity sha512-ADVjpOOkjz1hhkZLlBiYA9cR2Anf8F4HqZUO6e5eDcPQd0Txw5fxLzzxnEkSkfnD0wziSGiv7sYhk/ktvbf1uw==
  dependencies:
    devlop "^1.0.0"
    micromark-util-chunked "^2.0.0"
    micromark-util-classify-character "^2.0.0"
    micromark-util-resolve-all "^2.0.0"
    micromark-util-symbol "^2.0.0"
    micromark-util-types "^2.0.0"

micromark-extension-gfm-table@^2.0.0:
  version "2.1.1"
  resolved "https://registry.npmjs.org/micromark-extension-gfm-table/-/micromark-extension-gfm-table-2.1.1.tgz"
  integrity sha512-t2OU/dXXioARrC6yWfJ4hqB7rct14e8f7m0cbI5hUmDyyIlwv5vEtooptH8INkbLzOatzKuVbQmAYcbWoyz6Dg==
  dependencies:
    devlop "^1.0.0"
    micromark-factory-space "^2.0.0"
    micromark-util-character "^2.0.0"
    micromark-util-symbol "^2.0.0"
    micromark-util-types "^2.0.0"

micromark-extension-gfm-tagfilter@^2.0.0:
  version "2.0.0"
  resolved "https://registry.npmjs.org/micromark-extension-gfm-tagfilter/-/micromark-extension-gfm-tagfilter-2.0.0.tgz"
  integrity sha512-xHlTOmuCSotIA8TW1mDIM6X2O1SiX5P9IuDtqGonFhEK0qgRI4yeC6vMxEV2dgyr2TiD+2PQ10o+cOhdVAcwfg==
  dependencies:
    micromark-util-types "^2.0.0"

micromark-extension-gfm-task-list-item@^2.0.0:
  version "2.1.0"
  resolved "https://registry.npmjs.org/micromark-extension-gfm-task-list-item/-/micromark-extension-gfm-task-list-item-2.1.0.tgz"
  integrity sha512-qIBZhqxqI6fjLDYFTBIa4eivDMnP+OZqsNwmQ3xNLE4Cxwc+zfQEfbs6tzAo2Hjq+bh6q5F+Z8/cksrLFYWQQw==
  dependencies:
    devlop "^1.0.0"
    micromark-factory-space "^2.0.0"
    micromark-util-character "^2.0.0"
    micromark-util-symbol "^2.0.0"
    micromark-util-types "^2.0.0"

micromark-extension-gfm@^3.0.0:
  version "3.0.0"
  resolved "https://registry.npmjs.org/micromark-extension-gfm/-/micromark-extension-gfm-3.0.0.tgz"
  integrity sha512-vsKArQsicm7t0z2GugkCKtZehqUm31oeGBV/KVSorWSy8ZlNAv7ytjFhvaryUiCUJYqs+NoE6AFhpQvBTM6Q4w==
  dependencies:
    micromark-extension-gfm-autolink-literal "^2.0.0"
    micromark-extension-gfm-footnote "^2.0.0"
    micromark-extension-gfm-strikethrough "^2.0.0"
    micromark-extension-gfm-table "^2.0.0"
    micromark-extension-gfm-tagfilter "^2.0.0"
    micromark-extension-gfm-task-list-item "^2.0.0"
    micromark-util-combine-extensions "^2.0.0"
    micromark-util-types "^2.0.0"

micromark-factory-destination@^2.0.0:
  version "2.0.1"
  dependencies:
    micromark-util-character "^2.0.0"
    micromark-util-symbol "^2.0.0"
    micromark-util-types "^2.0.0"

micromark-factory-label@^2.0.0:
  version "2.0.1"
  dependencies:
    devlop "^1.0.0"
    micromark-util-character "^2.0.0"
    micromark-util-symbol "^2.0.0"
    micromark-util-types "^2.0.0"

micromark-factory-space@^2.0.0:
  version "2.0.1"
  dependencies:
    micromark-util-character "^2.0.0"
    micromark-util-types "^2.0.0"

micromark-factory-title@^2.0.0:
  version "2.0.1"
  dependencies:
    micromark-factory-space "^2.0.0"
    micromark-util-character "^2.0.0"
    micromark-util-symbol "^2.0.0"
    micromark-util-types "^2.0.0"

micromark-factory-whitespace@^2.0.0:
  version "2.0.1"
  dependencies:
    micromark-factory-space "^2.0.0"
    micromark-util-character "^2.0.0"
    micromark-util-symbol "^2.0.0"
    micromark-util-types "^2.0.0"

micromark-util-character@^2.0.0:
  version "2.1.1"
  dependencies:
    micromark-util-symbol "^2.0.0"
    micromark-util-types "^2.0.0"

micromark-util-chunked@^2.0.0:
  version "2.0.1"
  dependencies:
    micromark-util-symbol "^2.0.0"

micromark-util-classify-character@^2.0.0:
  version "2.0.1"
  dependencies:
    micromark-util-character "^2.0.0"
    micromark-util-symbol "^2.0.0"
    micromark-util-types "^2.0.0"

micromark-util-combine-extensions@^2.0.0:
  version "2.0.1"
  dependencies:
    micromark-util-chunked "^2.0.0"
    micromark-util-types "^2.0.0"

micromark-util-decode-numeric-character-reference@^2.0.0:
  version "2.0.2"
  dependencies:
    micromark-util-symbol "^2.0.0"

micromark-util-decode-string@^2.0.0:
  version "2.0.1"
  dependencies:
    decode-named-character-reference "^1.0.0"
    micromark-util-character "^2.0.0"
    micromark-util-decode-numeric-character-reference "^2.0.0"
    micromark-util-symbol "^2.0.0"

micromark-util-encode@^2.0.0:
  version "2.0.1"

micromark-util-html-tag-name@^2.0.0:
  version "2.0.1"

micromark-util-normalize-identifier@^2.0.0:
  version "2.0.1"
  dependencies:
    micromark-util-symbol "^2.0.0"

micromark-util-resolve-all@^2.0.0:
  version "2.0.1"
  dependencies:
    micromark-util-types "^2.0.0"

micromark-util-sanitize-uri@^2.0.0:
  version "2.0.1"
  dependencies:
    micromark-util-character "^2.0.0"
    micromark-util-encode "^2.0.0"
    micromark-util-symbol "^2.0.0"

micromark-util-subtokenize@^2.0.0:
  version "2.1.0"
  dependencies:
    devlop "^1.0.0"
    micromark-util-chunked "^2.0.0"
    micromark-util-symbol "^2.0.0"
    micromark-util-types "^2.0.0"

micromark-util-symbol@^2.0.0:
  version "2.0.1"

micromark-util-types@^2.0.0:
  version "2.0.2"

micromark@^4.0.0:
  version "4.0.2"
  dependencies:
    "@types/debug" "^4.0.0"
    debug "^4.0.0"
    decode-named-character-reference "^1.0.0"
    devlop "^1.0.0"
    micromark-core-commonmark "^2.0.0"
    micromark-factory-space "^2.0.0"
    micromark-util-character "^2.0.0"
    micromark-util-chunked "^2.0.0"
    micromark-util-combine-extensions "^2.0.0"
    micromark-util-decode-numeric-character-reference "^2.0.0"
    micromark-util-encode "^2.0.0"
    micromark-util-normalize-identifier "^2.0.0"
    micromark-util-resolve-all "^2.0.0"
    micromark-util-sanitize-uri "^2.0.0"
    micromark-util-subtokenize "^2.0.0"
    micromark-util-symbol "^2.0.0"
    micromark-util-types "^2.0.0"

ms@^2.1.3:
  version "2.1.3"

nanoid@^3.3.6:
  version "3.3.11"

next@latest:
  version "16.2.1"
  resolved "https://registry.npmjs.org/next/-/next-16.2.1.tgz"
  integrity sha512-VaChzNL7o9rbfdt60HUj8tev4m6d7iC1igAy157526+cJlXOQu5LzsBXNT+xaJnTP/k+utSX5vMv7m0G+zKH+Q==
  dependencies:
    "@next/env" "16.2.1"
    "@swc/helpers" "0.5.15"
    baseline-browser-mapping "^2.9.19"
    caniuse-lite "^1.0.30001579"
    postcss "8.4.31"
    styled-jsx "5.1.6"
  optionalDependencies:
    "@next/swc-darwin-arm64" "16.2.1"
    "@next/swc-darwin-x64" "16.2.1"
    "@next/swc-linux-arm64-gnu" "16.2.1"
    "@next/swc-linux-arm64-musl" "16.2.1"
    "@next/swc-linux-x64-gnu" "16.2.1"
    "@next/swc-linux-x64-musl" "16.2.1"
    "@next/swc-win32-arm64-msvc" "16.2.1"
    "@next/swc-win32-x64-msvc" "16.2.1"
    sharp "^0.34.5"

parse-entities@^4.0.0:
  version "4.0.2"
  dependencies:
    "@types/unist" "^2.0.0"
    character-entities-legacy "^3.0.0"
    character-reference-invalid "^2.0.0"
    decode-named-character-reference "^1.0.0"
    is-alphanumerical "^2.0.0"
    is-decimal "^2.0.0"
    is-hexadecimal "^2.0.0"

picocolors@^1.0.0:
  version "1.1.1"

postcss@8.4.31:
  version "8.4.31"
  dependencies:
    nanoid "^3.3.6"
    picocolors "^1.0.0"
    source-map-js "^1.0.2"

property-information@^7.0.0:
  version "7.1.0"

"react-dom@^18.2.0 || 19.0.0-rc-de68d2f4-20241204 || ^19.0.0", react-dom@latest:
  version "19.2.4"
  resolved "https://registry.npmjs.org/react-dom/-/react-dom-19.2.4.tgz"
  integrity sha512-AXJdLo8kgMbimY95O2aKQqsz2iWi9jMgKJhRBAxECE4IFxfcazB2LmzloIoibJI3C12IlY20+KFaLv+71bUJeQ==
  dependencies:
    scheduler "^0.27.0"

react-markdown@^10.1.0:
  version "10.1.0"
  dependencies:
    "@types/hast" "^3.0.0"
    "@types/mdast" "^4.0.0"
    devlop "^1.0.0"
    hast-util-to-jsx-runtime "^2.0.0"
    html-url-attributes "^3.0.0"
    mdast-util-to-hast "^13.0.0"
    remark-parse "^11.0.0"
    remark-rehype "^11.0.0"
    unified "^11.0.0"
    unist-util-visit "^5.0.0"
    vfile "^6.0.0"

"react@^18.0.0 || ^19.0.0", "react@^18.2.0 || 19.0.0-rc-de68d2f4-20241204 || ^19.0.0", react@^19.2.4, "react@>= 16.8.0 || 17.x.x || ^18.0.0-0 || ^19.0.0-0", react@>=18, react@latest:
  version "19.2.4"
  resolved "https://registry.npmjs.org/react/-/react-19.2.4.tgz"
  integrity sha512-9nfp2hYpCwOjAN+8TZFGhtWEwgvWHXqESH8qT89AT/lWklpLON22Lc8pEtnpsZz7VmawabSU0gCjnj8aC0euHQ==

remark-gfm@^4.0.1:
  version "4.0.1"
  resolved "https://registry.npmjs.org/remark-gfm/-/remark-gfm-4.0.1.tgz"
  integrity sha512-1quofZ2RQ9EWdeN34S79+KExV1764+wCUGop5CPL1WGdD0ocPpu91lzPGbwWMECpEpd42kJGQwzRfyov9j4yNg==
  dependencies:
    "@types/mdast" "^4.0.0"
    mdast-util-gfm "^3.0.0"
    micromark-extension-gfm "^3.0.0"
    remark-parse "^11.0.0"
    remark-stringify "^11.0.0"
    unified "^11.0.0"

remark-parse@^11.0.0:
  version "11.0.0"
  dependencies:
    "@types/mdast" "^4.0.0"
    mdast-util-from-markdown "^2.0.0"
    micromark-util-types "^2.0.0"
    unified "^11.0.0"

remark-rehype@^11.0.0:
  version "11.1.2"
  dependencies:
    "@types/hast" "^3.0.0"
    "@types/mdast" "^4.0.0"
    mdast-util-to-hast "^13.0.0"
    unified "^11.0.0"
    vfile "^6.0.0"

remark-stringify@^11.0.0:
  version "11.0.0"
  resolved "https://registry.npmjs.org/remark-stringify/-/remark-stringify-11.0.0.tgz"
  integrity sha512-1OSmLd3awB/t8qdoEOMazZkNsfVTeY4fTsgzcQFdXNq8ToTN4ZGwrMnlda4K6smTFKD+GRV6O48i6Z4iKgPPpw==
  dependencies:
    "@types/mdast" "^4.0.0"
    mdast-util-to-markdown "^2.0.0"
    unified "^11.0.0"

scheduler@^0.27.0:
  version "0.27.0"

semver@^7.7.3:
  version "7.7.3"

sharp@^0.34.5:
  version "0.34.5"
  dependencies:
    "@img/colour" "^1.0.0"
    detect-libc "^2.1.2"
    semver "^7.7.3"
  optionalDependencies:
    "@img/sharp-darwin-arm64" "0.34.5"
    "@img/sharp-darwin-x64" "0.34.5"
    "@img/sharp-libvips-darwin-arm64" "1.2.4"
    "@img/sharp-libvips-darwin-x64" "1.2.4"
    "@img/sharp-libvips-linux-arm" "1.2.4"
    "@img/sharp-libvips-linux-arm64" "1.2.4"
    "@img/sharp-libvips-linux-ppc64" "1.2.4"
    "@img/sharp-libvips-linux-riscv64" "1.2.4"
    "@img/sharp-libvips-linux-s390x" "1.2.4"
    "@img/sharp-libvips-linux-x64" "1.2.4"
    "@img/sharp-libvips-linuxmusl-arm64" "1.2.4"
    "@img/sharp-libvips-linuxmusl-x64" "1.2.4"
    "@img/sharp-linux-arm" "0.34.5"
    "@img/sharp-linux-arm64" "0.34.5"
    "@img/sharp-linux-ppc64" "0.34.5"
    "@img/sharp-linux-riscv64" "0.34.5"
    "@img/sharp-linux-s390x" "0.34.5"
    "@img/sharp-linux-x64" "0.34.5"
    "@img/sharp-linuxmusl-arm64" "0.34.5"
    "@img/sharp-linuxmusl-x64" "0.34.5"
    "@img/sharp-wasm32" "0.34.5"
    "@img/sharp-win32-arm64" "0.34.5"
    "@img/sharp-win32-ia32" "0.34.5"
    "@img/sharp-win32-x64" "0.34.5"

source-map-js@^1.0.2:
  version "1.2.1"

space-separated-tokens@^2.0.0:
  version "2.0.2"

stringify-entities@^4.0.0:
  version "4.0.4"
  dependencies:
    character-entities-html4 "^2.0.0"
    character-entities-legacy "^3.0.0"

style-to-js@^1.0.0:
  version "1.1.17"
  dependencies:
    style-to-object "1.0.9"

style-to-object@1.0.9:
  version "1.0.9"
  dependencies:
    inline-style-parser "0.2.4"

styled-jsx@5.1.6:
  version "5.1.6"
  dependencies:
    client-only "0.0.1"

trim-lines@^3.0.0:
  version "3.0.1"

trough@^2.0.0:
  version "2.2.0"

tslib@^2.8.0:
  version "2.8.1"

typescript@5.8.3:
  version "5.8.3"

undici-types@~7.8.0:
  version "7.8.0"

unified@^11.0.0:
  version "11.0.5"
  dependencies:
    "@types/unist" "^3.0.0"
    bail "^2.0.0"
    devlop "^1.0.0"
    extend "^3.0.0"
    is-plain-obj "^4.0.0"
    trough "^2.0.0"
    vfile "^6.0.0"

unist-util-is@^6.0.0:
  version "6.0.0"
  dependencies:
    "@types/unist" "^3.0.0"

unist-util-position@^5.0.0:
  version "5.0.0"
  dependencies:
    "@types/unist" "^3.0.0"

unist-util-stringify-position@^4.0.0:
  version "4.0.0"
  dependencies:
    "@types/unist" "^3.0.0"

unist-util-visit-parents@^6.0.0:
  version "6.0.1"
  dependencies:
    "@types/unist" "^3.0.0"
    unist-util-is "^6.0.0"

unist-util-visit@^5.0.0:
  version "5.0.0"
  dependencies:
    "@types/unist" "^3.0.0"
    unist-util-is "^6.0.0"
    unist-util-visit-parents "^6.0.0"

vfile-message@^4.0.0:
  version "4.0.2"
  dependencies:
    "@types/unist" "^3.0.0"
    unist-util-stringify-position "^4.0.0"

vfile@^6.0.0:
  version "6.0.3"
  dependencies:
    "@types/unist" "^3.0.0"
    vfile-message "^4.0.0"

zwitch@^2.0.0:
  version "2.0.4"
